<?xml version="1.0" encoding="utf-8"?>
<Project ToolsVersion="4.0" xmlns="http://schemas.microsoft.com/developer/msbuild/2003">
  <ItemGroup>
    <ClCompile Include="Common\Vector2.cpp" />
    <ClCompile Include="Object\Button\ExitButton.cpp" />
    <ClCompile Include="Object\Button\Button.cpp" />
    <ClCompile Include="Manager\EnemyManager.cpp" />
    <ClCompile Include="Manager\ItemManager.cpp" />
    <ClCompile Include="Object\Enemy\EnemyNormal.cpp" />
    <ClCompile Include="Object\Item\ItemBase.cpp" />
    <ClCompile Include="Object\Item\ItemBullet.cpp" />
    <ClCompile Include="Object\Item\ItemKit.cpp" />
    <ClCompile Include="Object\Item\ItemVaccine.cpp" />
    <ClCompile Include="Object\Button\ReturnButton.cpp" />
    <ClCompile Include="Object\Button\PauseExit.cpp" />
    <ClCompile Include="Scene\GameClear.cpp" />
    <ClCompile Include="Scene\Tutorial.cpp" />
    <ClCompile Include="Object\Button\TitleButton.cpp" />
    <ClCompile Include="Utility\AsoUtility.cpp" />
    <ClCompile Include="Common\AnimControl.cpp" />
    <ClCompile Include="Common\Collision.cpp" />
    <ClCompile Include="Common\Fader.cpp" />
    <ClCompile Include="Common\FpsControl.cpp" />
    <ClCompile Include="Common\Grid.cpp" />
    <ClCompile Include="Manager\Application.cpp" />
    <ClCompile Include="Manager\InputManager.cpp" />
    <ClCompile Include="Manager\main.cpp" />
    <ClCompile Include="Manager\SceneManager.cpp" />
    <ClCompile Include="Manager\SoundManager.cpp" />
    <ClCompile Include="Object\Blood.cpp" />
    <ClCompile Include="Object\Camera.cpp" />
    <ClCompile Include="Object\Enemy\EnemyBase.cpp" />
    <ClCompile Include="Object\Player.cpp" />
    <ClCompile Include="Object\PlayerShot.cpp" />
    <ClCompile Include="Object\StageBase.cpp" />
    <ClCompile Include="Scene\GameScene.cpp" />
    <ClCompile Include="Scene\SceneBase.cpp" />
    <ClCompile Include="Scene\TitleScene.cpp" />
    <ClCompile Include="Object\Item\ItemLight.cpp" />
    <ClCompile Include="Scene\MovieScene.cpp" />
    <ClCompile Include="Object\Enemy\EnemyFemale.cpp" />
    <ClCompile Include="Object\Enemy\EnemyPrisoner.cpp" />
  </ItemGroup>
  <ItemGroup>
    <ClInclude Include="Common\Vector2.h" />
    <ClInclude Include="Object\Button\ExitButton.h" />
    <ClInclude Include="Object\Button\Button.h" />
    <ClInclude Include="Common\AnimControl.h" />
    <ClInclude Include="Common\Collision.h" />
    <ClInclude Include="Common\Fader.h" />
    <ClInclude Include="Common\FpsControl.h" />
    <ClInclude Include="Common\Grid.h" />
    <ClInclude Include="Manager\EnemyManager.h" />
    <ClInclude Include="Manager\Application.h" />
    <ClInclude Include="Manager\FpsControl.h" />
    <ClInclude Include="Manager\InputManager.h" />
    <ClInclude Include="Manager\ItemManager.h" />
    <ClInclude Include="Manager\SceneManager.h" />
    <ClInclude Include="Manager\SoundManager.h" />
    <ClInclude Include="Object\Blood.h" />
    <ClInclude Include="Object\Camera.h" />
    <ClInclude Include="Object\Enemy\EnemyBase.h" />
    <ClInclude Include="Object\Enemy\EnemyNormal.h" />
    <ClInclude Include="Object\Item\ItemBullet.h" />
    <ClInclude Include="Object\Item\ItemBase.h" />
    <ClInclude Include="Object\Item\ItemKit.h" />
    <ClInclude Include="Object\Item\ItemVaccine.h" />
    <ClInclude Include="Object\Player.h" />
    <ClInclude Include="Object\PlayerShot.h" />
    <ClInclude Include="Object\StageBase.h" />
    <ClInclude Include="Object\Button\ReturnButton.h" />
    <ClInclude Include="Object\Button\PauseExit.h" />
    <ClInclude Include="Scene\GameClear.h" />
    <ClInclude Include="Scene\GameScene.h" />
    <ClInclude Include="Scene\SceneBase.h" />
    <ClInclude Include="Scene\Tutorial.h" />
    <ClInclude Include="Scene\TitleScene.h" />
    <ClInclude Include="Stage\StageBase.h" />
    <ClInclude Include="Object\Button\TitleButton.h" />
    <ClInclude Include="Utility\AsoUtility.h" />
    <ClInclude Include="Object\Item\ItemLight.h" />
    <ClInclude Include="Scene\MovieScene.h" />
    <ClInclude Include="Object\Enemy\EnemyFemale.h" />
    <ClInclude Include="Object\Enemy\EnemyPrisoner.h" />
  </ItemGroup>
  <ItemGroup>
    <Image Include="Data\Image\TestGameScene.png" />
    <Image Include="Data\Image\TestTitle.png" />
    <Image Include="Data\Model\Enemy\Idle.fbm\parasiteZombie_body_diffuse.png" />
    <Image Include="Data\Model\Enemy\Idle.fbm\parasiteZombie_diffuse.png" />
    <Image Include="Data\Model\Enemy\Idle.fbm\parasiteZombie_normal.png" />
    <Image Include="Data\Model\Enemy\Idle.fbm\parasiteZombie_specular.png" />
    <Image Include="Data\Model\Enemy\parasiteZombie_body_diffuse.png" />
    <Image Include="Data\Model\Enemy\parasiteZombie_diffuse.png" />
    <Image Include="Data\Model\Enemy\parasiteZombie_normal.png" />
    <Image Include="Data\Model\Enemy\parasiteZombie_specular.png" />
    <Image Include="Data\Model\Enemy\Zombie.fbm\parasiteZombie_body_diffuse.png" />
    <Image Include="Data\Model\Enemy\Zombie.fbm\parasiteZombie_diffuse.png" />
    <Image Include="Data\Model\Enemy\Zombie.fbm\parasiteZombie_normal.png" />
    <Image Include="Data\Model\Enemy\Zombie.fbm\parasiteZombie_specular.png" />
    <Image Include="Data\Model\Enemy\Zombie1.fbm\parasiteZombie_body_diffuse.png" />
    <Image Include="Data\Model\Enemy\Zombie1.fbm\parasiteZombie_diffuse.png" />
    <Image Include="Data\Model\Enemy\Zombie1.fbm\parasiteZombie_normal.png" />
    <Image Include="Data\Model\Enemy\Zombie1.fbm\parasiteZombie_specular.png" />
    <Image Include="Data\Model\Enemy\zombi_idle.fbm\parasiteZombie_body_diffuse.png" />
    <Image Include="Data\Model\Enemy\zombi_idle.fbm\parasiteZombie_diffuse.png" />
    <Image Include="Data\Model\Enemy\zombi_idle.fbm\parasiteZombie_normal.png" />
    <Image Include="Data\Model\Enemy\zombi_idle.fbm\parasiteZombie_specular.png" />
    <Image Include="Image\TestGameScene.png" />
    <Image Include="Image\TestTitle.png" />
    <Image Include="Model\parasiteZombie_body_diffuse.png" />
    <Image Include="Model\parasiteZombie_diffuse.png" />
    <Image Include="Model\parasiteZombie_normal.png" />
    <Image Include="Model\parasiteZombie_specular.png" />
  </ItemGroup>
  <ItemGroup>
    <None Include="Data\Model\bullet\bullet.mv1" />
    <None Include="Data\Model\Enemy\Attack.mv1" />
    <None Include="Data\Model\Enemy\Die.mv1" />
    <None Include="Data\Model\Enemy\idle.mv1" />
    <None Include="Data\Model\Enemy\Run.mv1" />
    <None Include="Data\Model\Enemy\Walk.mv1" />
    <None Include="Data\Model\Enemy\Zombie.mv1" />
    <None Include="Data\Model\Enemy\Zombie1.mv1" />
    <None Include="Data\Model\Enemy\zombi_idle.fbx" />
    <None Include="Data\Model\Stage\Stage.mv1" />
    <None Include="Data\Model\Stage\stagetest.mv1" />
    <None Include="Model\zombi_idle.mv1" />
  </ItemGroup>
</Project>