<?xml version="1.0" encoding="utf-8"?>
<Project ToolsVersion="4.0" xmlns="http://schemas.microsoft.com/developer/msbuild/2003">
  <ItemGroup>
    <Filter Include="ソース ファイル">
      <UniqueIdentifier>{4FC737F1-C7A5-4376-A066-2A32D752A2FF}</UniqueIdentifier>
      <Extensions>cpp;c;cc;cxx;c++;cppm;ixx;def;odl;idl;hpj;bat;asm;asmx</Extensions>
    </Filter>
    <Filter Include="ヘッダー ファイル">
      <UniqueIdentifier>{93995380-89BD-4b04-88EB-625FBE52EBFB}</UniqueIdentifier>
      <Extensions>h;hh;hpp;hxx;h++;hm;inl;inc;ipp;xsd</Extensions>
    </Filter>
    <Filter Include="リソース ファイル">
      <UniqueIdentifier>{67DA6AB6-F800-4c08-8B7A-83BB121AAD01}</UniqueIdentifier>
      <Extensions>rc;ico;cur;bmp;dlg;rc2;rct;bin;rgs;gif;jpg;jpeg;jpe;resx;tiff;tif;png;wav;mfcribbon-ms</Extensions>
    </Filter>
  </ItemGroup>
  <ItemGroup>
    <ClCompile Include="Scene\GameScene.cpp">
      <Filter>ソース ファイル</Filter>
    </ClCompile>
    <ClCompile Include="Scene\SceneBase.cpp">
      <Filter>ソース ファイル</Filter>
    </ClCompile>
    <ClCompile Include="Scene\TitleScene.cpp">
      <Filter>ソース ファイル</Filter>
    </ClCompile>
    <ClCompile Include="Manager\Application.cpp">
      <Filter>ソース ファイル</Filter>
    </ClCompile>
    <ClCompile Include="Manager\InputManager.cpp">
      <Filter>ソース ファイル</Filter>
    </ClCompile>
    <ClCompile Include="Manager\SceneManager.cpp">
      <Filter>ソース ファイル</Filter>
    </ClCompile>
    <ClCompile Include="Manager\main.cpp">
      <Filter>ソース ファイル</Filter>
    </ClCompile>
    <ClCompile Include="Manager\SoundManager.cpp">
      <Filter>ソース ファイル</Filter>
    </ClCompile>
    <ClCompile Include="Object\Blood.cpp">
      <Filter>ソース ファイル</Filter>
    </ClCompile>
    <ClCompile Include="Object\Camera.cpp">
      <Filter>ソース ファイル</Filter>
    </ClCompile>
    <ClCompile Include="Object\Enemy\EnemyBase.cpp">
      <Filter>ソース ファイル</Filter>
    </ClCompile>
    <ClCompile Include="Object\Player.cpp">
      <Filter>ソース ファイル</Filter>
    </ClCompile>
    <ClCompile Include="Object\PlayerShot.cpp">
      <Filter>ソース ファイル</Filter>
    </ClCompile>
    <ClCompile Include="Object\StageBase.cpp">
      <Filter>ソース ファイル</Filter>
    </ClCompile>
    <ClCompile Include="Utility\AsoUtility.cpp">
      <Filter>ソース ファイル</Filter>
    </ClCompile>
    <ClCompile Include="Common\AnimControl.cpp">
      <Filter>ソース ファイル</Filter>
    </ClCompile>
    <ClCompile Include="Common\Collision.cpp">
      <Filter>ソース ファイル</Filter>
    </ClCompile>
    <ClCompile Include="Common\Fader.cpp">
      <Filter>ソース ファイル</Filter>
    </ClCompile>
    <ClCompile Include="Common\FpsControl.cpp">
      <Filter>ソース ファイル</Filter>
    </ClCompile>
    <ClCompile Include="Common\Grid.cpp">
      <Filter>ソース ファイル</Filter>
    </ClCompile>
    <ClCompile Include="Manager\EnemyManager.cpp">
      <Filter>ソース ファイル</Filter>
    </ClCompile>
    <ClCompile Include="Object\Enemy\EnemyNormal.cpp">
      <Filter>ソース ファイル</Filter>
    </ClCompile>
    <ClCompile Include="Object\Item\ItemBase.cpp">
      <Filter>ソース ファイル</Filter>
    </ClCompile>
    <ClCompile Include="Manager\ItemManager.cpp">
      <Filter>ソース ファイル</Filter>
    </ClCompile>
    <ClCompile Include="Object\Item\ItemBullet.cpp">
      <Filter>ソース ファイル</Filter>
    </ClCompile>
    <ClCompile Include="Object\Item\ItemKit.cpp">
      <Filter>ソース ファイル</Filter>
    </ClCompile>
    <ClCompile Include="Object\Item\ItemVaccine.cpp">
      <Filter>ソース ファイル</Filter>
    </ClCompile>
    <ClCompile Include="Scene\GameClear.cpp">
      <Filter>ソース ファイル</Filter>
    </ClCompile>
    <ClCompile Include="Scene\Tutorial.cpp">
      <Filter>ソース ファイル</Filter>
    </ClCompile>
    <ClCompile Include="Object\Button\Button.cpp">
      <Filter>ソース ファイル</Filter>
    </ClCompile>
    <ClCompile Include="Object\Button\ExitButton.cpp">
      <Filter>ソース ファイル</Filter>
    </ClCompile>
<<<<<<< HEAD
    <ClCompile Include="Object\Button\ReturnButton.cpp">
      <Filter>ソース ファイル</Filter>
    </ClCompile>
    <ClCompile Include="Object\Button\TitleButton.cpp">
      <Filter>ソース ファイル</Filter>
    </ClCompile>
    <ClCompile Include="Common\Vector2.cpp">
      <Filter>ソース ファイル</Filter>
    </ClCompile>
    <ClCompile Include="Object\Button\PauseExit.cpp">
=======
    <ClCompile Include="Manager\ShotManager.cpp">
>>>>>>> 6c270b0c17dfc5e79464922d672cffbd55253cd1
      <Filter>ソース ファイル</Filter>
    </ClCompile>
  </ItemGroup>
  <ItemGroup>
    <ClInclude Include="Manager\Application.h">
      <Filter>ヘッダー ファイル</Filter>
    </ClInclude>
    <ClInclude Include="Manager\FpsControl.h">
      <Filter>ヘッダー ファイル</Filter>
    </ClInclude>
    <ClInclude Include="Manager\InputManager.h">
      <Filter>ヘッダー ファイル</Filter>
    </ClInclude>
    <ClInclude Include="Manager\SceneManager.h">
      <Filter>ヘッダー ファイル</Filter>
    </ClInclude>
    <ClInclude Include="Manager\SoundManager.h">
      <Filter>ヘッダー ファイル</Filter>
    </ClInclude>
    <ClInclude Include="Object\Camera.h">
      <Filter>ヘッダー ファイル</Filter>
    </ClInclude>
    <ClInclude Include="Object\Player.h">
      <Filter>ヘッダー ファイル</Filter>
    </ClInclude>
    <ClInclude Include="Object\PlayerShot.h">
      <Filter>ヘッダー ファイル</Filter>
    </ClInclude>
    <ClInclude Include="Scene\GameScene.h">
      <Filter>ヘッダー ファイル</Filter>
    </ClInclude>
    <ClInclude Include="Scene\SceneBase.h">
      <Filter>ヘッダー ファイル</Filter>
    </ClInclude>
    <ClInclude Include="Scene\TitleScene.h">
      <Filter>ヘッダー ファイル</Filter>
    </ClInclude>
    <ClInclude Include="Stage\StageBase.h">
      <Filter>ヘッダー ファイル</Filter>
    </ClInclude>
    <ClInclude Include="Object\Blood.h">
      <Filter>ヘッダー ファイル</Filter>
    </ClInclude>
    <ClInclude Include="Object\Enemy\EnemyBase.h">
      <Filter>ヘッダー ファイル</Filter>
    </ClInclude>
    <ClInclude Include="Object\StageBase.h">
      <Filter>ヘッダー ファイル</Filter>
    </ClInclude>
    <ClInclude Include="Utility\AsoUtility.h">
      <Filter>ヘッダー ファイル</Filter>
    </ClInclude>
    <ClInclude Include="Common\AnimControl.h">
      <Filter>ヘッダー ファイル</Filter>
    </ClInclude>
    <ClInclude Include="Common\Collision.h">
      <Filter>ヘッダー ファイル</Filter>
    </ClInclude>
    <ClInclude Include="Common\Fader.h">
      <Filter>ヘッダー ファイル</Filter>
    </ClInclude>
    <ClInclude Include="Common\FpsControl.h">
      <Filter>ヘッダー ファイル</Filter>
    </ClInclude>
    <ClInclude Include="Common\Grid.h">
      <Filter>ヘッダー ファイル</Filter>
    </ClInclude>
    <ClInclude Include="Manager\EnemyManager.h">
      <Filter>ヘッダー ファイル</Filter>
    </ClInclude>
    <ClInclude Include="Object\Enemy\EnemyNormal.h">
      <Filter>ヘッダー ファイル</Filter>
    </ClInclude>
    <ClInclude Include="Object\Item\ItemBase.h">
      <Filter>ヘッダー ファイル</Filter>
    </ClInclude>
    <ClInclude Include="Manager\ItemManager.h">
      <Filter>ヘッダー ファイル</Filter>
    </ClInclude>
    <ClInclude Include="Object\Item\ItemBullet.h">
      <Filter>ヘッダー ファイル</Filter>
    </ClInclude>
    <ClInclude Include="Object\Item\ItemKit.h">
      <Filter>ヘッダー ファイル</Filter>
    </ClInclude>
    <ClInclude Include="Object\Item\ItemVaccine.h">
      <Filter>ヘッダー ファイル</Filter>
    </ClInclude>
    <ClInclude Include="Scene\GameClear.h">
      <Filter>ヘッダー ファイル</Filter>
    </ClInclude>
    <ClInclude Include="Scene\Tutorial.h">
      <Filter>ヘッダー ファイル</Filter>
    </ClInclude>
    <ClInclude Include="Object\Button\Button.h">
      <Filter>ヘッダー ファイル</Filter>
    </ClInclude>
    <ClInclude Include="Object\Button\ExitButton.h">
      <Filter>ヘッダー ファイル</Filter>
    </ClInclude>
<<<<<<< HEAD
    <ClInclude Include="Object\Button\ReturnButton.h">
      <Filter>ヘッダー ファイル</Filter>
    </ClInclude>
    <ClInclude Include="Object\Button\TitleButton.h">
      <Filter>ヘッダー ファイル</Filter>
    </ClInclude>
    <ClInclude Include="Common\Vector2.h">
      <Filter>ヘッダー ファイル</Filter>
    </ClInclude>
    <ClInclude Include="Object\Button\PauseExit.h">
=======
    <ClInclude Include="Manager\ShotManager.h">
>>>>>>> 6c270b0c17dfc5e79464922d672cffbd55253cd1
      <Filter>ヘッダー ファイル</Filter>
    </ClInclude>
  </ItemGroup>
  <ItemGroup>
    <Image Include="Image\TestGameScene.png">
      <Filter>リソース ファイル</Filter>
    </Image>
    <Image Include="Image\TestTitle.png">
      <Filter>リソース ファイル</Filter>
    </Image>
    <Image Include="Model\parasiteZombie_body_diffuse.png">
      <Filter>リソース ファイル</Filter>
    </Image>
    <Image Include="Model\parasiteZombie_diffuse.png">
      <Filter>リソース ファイル</Filter>
    </Image>
    <Image Include="Model\parasiteZombie_normal.png">
      <Filter>リソース ファイル</Filter>
    </Image>
    <Image Include="Model\parasiteZombie_specular.png">
      <Filter>リソース ファイル</Filter>
    </Image>
    <Image Include="Data\Model\Enemy\parasiteZombie_body_diffuse.png">
      <Filter>リソース ファイル</Filter>
    </Image>
    <Image Include="Data\Model\Enemy\parasiteZombie_diffuse.png">
      <Filter>リソース ファイル</Filter>
    </Image>
    <Image Include="Data\Model\Enemy\parasiteZombie_normal.png">
      <Filter>リソース ファイル</Filter>
    </Image>
    <Image Include="Data\Model\Enemy\parasiteZombie_specular.png">
      <Filter>リソース ファイル</Filter>
    </Image>
    <Image Include="Data\Image\TestGameScene.png">
      <Filter>リソース ファイル</Filter>
    </Image>
    <Image Include="Data\Image\TestTitle.png">
      <Filter>リソース ファイル</Filter>
    </Image>
    <Image Include="Data\Model\Enemy\zombi_idle.fbm\parasiteZombie_specular.png">
      <Filter>リソース ファイル</Filter>
    </Image>
    <Image Include="Data\Model\Enemy\zombi_idle.fbm\parasiteZombie_normal.png">
      <Filter>リソース ファイル</Filter>
    </Image>
    <Image Include="Data\Model\Enemy\zombi_idle.fbm\parasiteZombie_diffuse.png">
      <Filter>リソース ファイル</Filter>
    </Image>
    <Image Include="Data\Model\Enemy\zombi_idle.fbm\parasiteZombie_body_diffuse.png">
      <Filter>リソース ファイル</Filter>
    </Image>
    <Image Include="Data\Model\Enemy\Idle.fbm\parasiteZombie_body_diffuse.png">
      <Filter>リソース ファイル</Filter>
    </Image>
    <Image Include="Data\Model\Enemy\Idle.fbm\parasiteZombie_diffuse.png">
      <Filter>リソース ファイル</Filter>
    </Image>
    <Image Include="Data\Model\Enemy\Idle.fbm\parasiteZombie_normal.png">
      <Filter>リソース ファイル</Filter>
    </Image>
    <Image Include="Data\Model\Enemy\Idle.fbm\parasiteZombie_specular.png">
      <Filter>リソース ファイル</Filter>
    </Image>
    <Image Include="Data\Model\Enemy\Zombie1.fbm\parasiteZombie_body_diffuse.png">
      <Filter>リソース ファイル</Filter>
    </Image>
    <Image Include="Data\Model\Enemy\Zombie1.fbm\parasiteZombie_diffuse.png">
      <Filter>リソース ファイル</Filter>
    </Image>
    <Image Include="Data\Model\Enemy\Zombie1.fbm\parasiteZombie_normal.png">
      <Filter>リソース ファイル</Filter>
    </Image>
    <Image Include="Data\Model\Enemy\Zombie1.fbm\parasiteZombie_specular.png">
      <Filter>リソース ファイル</Filter>
    </Image>
    <Image Include="Data\Model\Enemy\Zombie.fbm\parasiteZombie_body_diffuse.png">
      <Filter>リソース ファイル</Filter>
    </Image>
    <Image Include="Data\Model\Enemy\Zombie.fbm\parasiteZombie_diffuse.png">
      <Filter>リソース ファイル</Filter>
    </Image>
    <Image Include="Data\Model\Enemy\Zombie.fbm\parasiteZombie_normal.png">
      <Filter>リソース ファイル</Filter>
    </Image>
    <Image Include="Data\Model\Enemy\Zombie.fbm\parasiteZombie_specular.png">
      <Filter>リソース ファイル</Filter>
    </Image>
  </ItemGroup>
  <ItemGroup>
    <None Include="Model\zombi_idle.mv1" />
    <None Include="Data\Model\Enemy\idle.mv1" />
    <None Include="Data\Model\Enemy\zombi_idle.fbx" />
    <None Include="Data\Model\Enemy\Attack.mv1" />
    <None Include="Data\Model\Enemy\Die.mv1" />
    <None Include="Data\Model\Enemy\Run.mv1" />
    <None Include="Data\Model\Enemy\Walk.mv1" />
    <None Include="Data\Model\Enemy\Zombie1.mv1" />
    <None Include="Data\Model\Stage\stagetest.mv1" />
    <None Include="Data\Model\Enemy\Zombie.mv1" />
    <None Include="Data\Model\Stage\Stage.mv1" />
    <None Include="Data\Model\bullet\bullet.mv1" />
  </ItemGroup>
</Project>